{
  "version": "5",
  "redirects": {
    "https://esm.sh/@supabase/supabase-js@2": "https://esm.sh/@supabase/supabase-js@2.110.0"
  },
  "remote": {
    "https://esm.sh/@supabase/supabase-js@2.110.0": "b99c0ce7729f9de7797f836b93ab9ec94f1cfe079b4f937fa4144fe13525e979"
  },
  "workspace": {
    "packageJson": {
      "dependencies": [
        "npm:@eslint/js@^9.39.1",
        "npm:@hookform/resolvers@^5.2.2",
        "npm:@radix-ui/react-slot@^1.2.4",
        "npm:@supabase/supabase-js@^2.98.0",
        "npm:@tailwindcss/vite@^4.2.1",
        "npm:@types/node@^24.10.1",
        "npm:@types/react-dom@^19.2.3",
        "npm:@types/react@^19.2.7",
        "npm:@vitejs/plugin-react@^5.1.1",
        "npm:autoprefixer@^10.4.27",
        "npm:class-variance-authority@~0.7.1",
        "npm:clsx@^2.1.1",
        "npm:date-fns@^4.1.0",
        "npm:eslint-plugin-react-hooks@^7.0.1",
        "npm:eslint-plugin-react-refresh@~0.4.24",
        "npm:eslint@^9.39.1",
        "npm:globals@^16.5.0",
        "npm:lucide-react@0.577",
        "npm:playwright@^1.58.2",
        "npm:postcss@^8.5.8",
        "npm:react-dom@^19.2.0",
        "npm:react-hook-form@^7.71.2",
        "npm:react-router-dom@^7.13.1",
        "npm:react@^19.2.0",
        "npm:recharts@^3.8.0",
        "npm:tailwind-merge@^3.5.0",
        "npm:tailwindcss@^4.2.1",
        "npm:typescript-eslint@^8.48.0",
        "npm:typescript@~5.9.3",
        "npm:vite@^7.3.1",
        "npm:zod@^4.3.6"
      ]
    }
  }
}
